// !$*UTF8*$!
{
	archiveVersion = 1;
	classes = {
	};
	objectVersion = 77;
	objects = {

/* Begin PBXBuildFile section */
		25988796880F632E983FBA31 /* libPods-CYClear.a in Frameworks */ = {isa = PBXBuildFile; fileRef = 2B1B336BE639FBDAF3D34758 /* libPods-CYClear.a */; };
		C06894442E586D1100016F6F /* Study in Resources */ = {isa = PBXBuildFile; fileRef = C06894432E586D1100016F6F /* Study */; };
		C06894A12E5C483300016F6F /* SymbolTable.png in Resources */ = {isa = PBXBuildFile; fileRef = C06894A02E5C483300016F6F /* SymbolTable.png */; };
		C06894A32E5D4A2700016F6F /* Dynamic Loader Info.md in Resources */ = {isa = PBXBuildFile; fileRef = C06894A22E5D4A2700016F6F /* Dynamic Loader Info.md */; };
		C06894A52E5D4B8700016F6F /* Mach-O.md in Resources */ = {isa = PBXBuildFile; fileRef = C06894A42E5D4B8700016F6F /* Mach-O.md */; };
		C06894A72E5D4D7500016F6F /* Load Commands.md in Resources */ = {isa = PBXBuildFile; fileRef = C06894A62E5D4D7500016F6F /* Load Commands.md */; };
		C06894A92E5D4EC300016F6F /* __TEXT.md in Resources */ = {isa = PBXBuildFile; fileRef = C06894A82E5D4EC300016F6F /* __TEXT.md */; };
		C06894AB2E5D4F0400016F6F /* __DATA_CONST.md in Resources */ = {isa = PBXBuildFile; fileRef = C06894AA2E5D4F0400016F6F /* __DATA_CONST.md */; };
		C06894AD2E5D4F1800016F6F /* __DATA.md in Resources */ = {isa = PBXBuildFile; fileRef = C06894AC2E5D4F1800016F6F /* __DATA.md */; };
		C06894AF2E5D5BDA00016F6F /* __DATA.png in Resources */ = {isa = PBXBuildFile; fileRef = C06894AE2E5D5BDA00016F6F /* __DATA.png */; };
		C06894B22E5D5C1F00016F6F /* __TEXT.png in Resources */ = {isa = PBXBuildFile; fileRef = C06894B02E5D5C1F00016F6F /* __TEXT.png */; };
		C06894B32E5D5C1F00016F6F /* __DATA_CONST.png in Resources */ = {isa = PBXBuildFile; fileRef = C06894B12E5D5C1F00016F6F /* __DATA_CONST.png */; };
		C0E0ACC52E2F360300E8F8EA /* AppDelegate.m in Sources */ = {isa = PBXBuildFile; fileRef = C0E0ACBA2E2F360300E8F8EA /* AppDelegate.m */; };
		C0E0ACC62E2F360300E8F8EA /* main.m in Sources */ = {isa = PBXBuildFile; fileRef = C0E0ACBD2E2F360300E8F8EA /* main.m */; };
		C0E0ACC72E2F360300E8F8EA /* Tools.m in Sources */ = {isa = PBXBuildFile; fileRef = C0E0ACC12E2F360300E8F8EA /* Tools.m */; };
		C0E0ACC82E2F360300E8F8EA /* ViewController.m in Sources */ = {isa = PBXBuildFile; fileRef = C0E0ACC32E2F360300E8F8EA /* ViewController.m */; };
		C0E0ACC92E2F360300E8F8EA /* Assets.xcassets in Resources */ = {isa = PBXBuildFile; fileRef = C0E0ACBB2E2F360300E8F8EA /* Assets.xcassets */; };
		C0E0ACCA2E2F360300E8F8EA /* Main.storyboard in Resources */ = {isa = PBXBuildFile; fileRef = C0E0ACBF2E2F360300E8F8EA /* Main.storyboard */; };
		C0E0ACCD2E2F457000E8F8EA /* ClassNameTool.m in Sources */ = {isa = PBXBuildFile; fileRef = C0E0ACCC2E2F457000E8F8EA /* ClassNameTool.m */; };
		C0E0ACCF2E2F46E700E8F8EA /* whitelist.txt in Resources */ = {isa = PBXBuildFile; fileRef = C0E0ACCE2E2F46E700E8F8EA /* whitelist.txt */; };
/* End PBXBuildFile section */

/* Begin PBXFileReference section */
		2B1B336BE639FBDAF3D34758 /* libPods-CYClear.a */ = {isa = PBXFileReference; explicitFileType = archive.ar; includeInIndex = 0; path = "libPods-CYClear.a"; sourceTree = BUILT_PRODUCTS_DIR; };
		75326C395E96B303811320BD /* Pods-CYClear.debug.xcconfig */ = {isa = PBXFileReference; includeInIndex = 1; lastKnownFileType = text.xcconfig; name = "Pods-CYClear.debug.xcconfig"; path = "Target Support Files/Pods-CYClear/Pods-CYClear.debug.xcconfig"; sourceTree = "<group>"; };
		9F6AED4A8F3D2D946851106A /* Pods-CYClear.release.xcconfig */ = {isa = PBXFileReference; includeInIndex = 1; lastKnownFileType = text.xcconfig; name = "Pods-CYClear.release.xcconfig"; path = "Target Support Files/Pods-CYClear/Pods-CYClear.release.xcconfig"; sourceTree = "<group>"; };
		C06894432E586D1100016F6F /* Study */ = {isa = PBXFileReference; lastKnownFileType = text; path = Study; sourceTree = "<group>"; };
		C06894A02E5C483300016F6F /* SymbolTable.png */ = {isa = PBXFileReference; lastKnownFileType = image.png; path = SymbolTable.png; sourceTree = "<group>"; };
		C06894A22E5D4A2700016F6F /* Dynamic Loader Info.md */ = {isa = PBXFileReference; lastKnownFileType = net.daringfireball.markdown; path = "Dynamic Loader Info.md"; sourceTree = "<group>"; };
		C06894A42E5D4B8700016F6F /* Mach-O.md */ = {isa = PBXFileReference; lastKnownFileType = net.daringfireball.markdown; path = "Mach-O.md"; sourceTree = "<group>"; };
		C06894A62E5D4D7500016F6F /* Load Commands.md */ = {isa = PBXFileReference; lastKnownFileType = net.daringfireball.markdown; path = "Load Commands.md"; sourceTree = "<group>"; };
		C06894A82E5D4EC300016F6F /* __TEXT.md */ = {isa = PBXFileReference; lastKnownFileType = net.daringfireball.markdown; path = __TEXT.md; sourceTree = "<group>"; };
		C06894AA2E5D4F0400016F6F /* __DATA_CONST.md */ = {isa = PBXFileReference; lastKnownFileType = net.daringfireball.markdown; path = __DATA_CONST.md; sourceTree = "<group>"; };
		C06894AC2E5D4F1800016F6F /* __DATA.md */ = {isa = PBXFileReference; lastKnownFileType = net.daringfireball.markdown; path = __DATA.md; sourceTree = "<group>"; };
		C06894AE2E5D5BDA00016F6F /* __DATA.png */ = {isa = PBXFileReference; lastKnownFileType = image.png; path = __DATA.png; sourceTree = "<group>"; };
		C06894B02E5D5C1F00016F6F /* __TEXT.png */ = {isa = PBXFileReference; lastKnownFileType = image.png; path = __TEXT.png; sourceTree = "<group>"; };
		C06894B12E5D5C1F00016F6F /* __DATA_CONST.png */ = {isa = PBXFileReference; lastKnownFileType = image.png; path = __DATA_CONST.png; sourceTree = "<group>"; };
		C0E0ACA02E2F25CA00E8F8EA /* CYClear.app */ = {isa = PBXFileReference; explicitFileType = wrapper.application; includeInIndex = 0; path = CYClear.app; sourceTree = BUILT_PRODUCTS_DIR; };
		C0E0ACB92E2F360300E8F8EA /* AppDelegate.h */ = {isa = PBXFileReference; lastKnownFileType = sourcecode.c.h; path = AppDelegate.h; sourceTree = "<group>"; };
		C0E0ACBA2E2F360300E8F8EA /* AppDelegate.m */ = {isa = PBXFileReference; lastKnownFileType = sourcecode.c.objc; path = AppDelegate.m; sourceTree = "<group>"; };
		C0E0ACBB2E2F360300E8F8EA /* Assets.xcassets */ = {isa = PBXFileReference; lastKnownFileType = folder.assetcatalog; path = Assets.xcassets; sourceTree = "<group>"; };
		C0E0ACBD2E2F360300E8F8EA /* main.m */ = {isa = PBXFileReference; lastKnownFileType = sourcecode.c.objc; path = main.m; sourceTree = "<group>"; };
		C0E0ACBE2E2F360300E8F8EA /* Base */ = {isa = PBXFileReference; lastKnownFileType = file.storyboard; name = Base; path = Base.lproj/Main.storyboard; sourceTree = "<group>"; };
		C0E0ACC02E2F360300E8F8EA /* Tools.h */ = {isa = PBXFileReference; lastKnownFileType = sourcecode.c.h; path = Tools.h; sourceTree = "<group>"; };
		C0E0ACC12E2F360300E8F8EA /* Tools.m */ = {isa = PBXFileReference; lastKnownFileType = sourcecode.c.objc; path = Tools.m; sourceTree = "<group>"; };
		C0E0ACC22E2F360300E8F8EA /* ViewController.h */ = {isa = PBXFileReference; lastKnownFileType = sourcecode.c.h; path = ViewController.h; sourceTree = "<group>"; };
		C0E0ACC32E2F360300E8F8EA /* ViewController.m */ = {isa = PBXFileReference; lastKnownFileType = sourcecode.c.objc; path = ViewController.m; sourceTree = "<group>"; };
		C0E0ACCB2E2F457000E8F8EA /* ClassNameTool.h */ = {isa = PBXFileReference; lastKnownFileType = sourcecode.c.h; path = ClassNameTool.h; sourceTree = "<group>"; };
		C0E0ACCC2E2F457000E8F8EA /* ClassNameTool.m */ = {isa = PBXFileReference; lastKnownFileType = sourcecode.c.objc; path = ClassNameTool.m; sourceTree = "<group>"; };
		C0E0ACCE2E2F46E700E8F8EA /* whitelist.txt */ = {isa = PBXFileReference; lastKnownFileType = text; path = whitelist.txt; sourceTree = "<group>"; };
		C0E0ACD02E2F6D9B00E8F8EA /* CYClear.entitlements */ = {isa = PBXFileReference; lastKnownFileType = text.plist.entitlements; path = CYClear.entitlements; sourceTree = "<group>"; };
/* End PBXFileReference section */

/* Begin PBXFrameworksBuildPhase section */
		C0E0AC9D2E2F25CA00E8F8EA /* Frameworks */ = {
			isa = PBXFrameworksBuildPhase;
			buildActionMask = 2147483647;
			files = (
				25988796880F632E983FBA31 /* libPods-CYClear.a in Frameworks */,
			);
			runOnlyForDeploymentPostprocessing = 0;
		};
/* End PBXFrameworksBuildPhase section */

/* Begin PBXGroup section */
		366D8E86F978EF144E6E1DD4 /* Pods */ = {
			isa = PBXGroup;
			children = (
				75326C395E96B303811320BD /* Pods-CYClear.debug.xcconfig */,
				9F6AED4A8F3D2D946851106A /* Pods-CYClear.release.xcconfig */,
			);
			path = Pods;
			sourceTree = "<group>";
		};
		C0E0AC972E2F25CA00E8F8EA = {
			isa = PBXGroup;
			children = (
				C0E0ACC42E2F360300E8F8EA /* CYClear */,
				C0E0ACA12E2F25CA00E8F8EA /* Products */,
				366D8E86F978EF144E6E1DD4 /* Pods */,
				EA031A0B55FD52A9E2CB8DD4 /* Frameworks */,
			);
			sourceTree = "<group>";
		};
		C0E0ACA12E2F25CA00E8F8EA /* Products */ = {
			isa = PBXGroup;
			children = (
				C0E0ACA02E2F25CA00E8F8EA /* CYClear.app */,
			);
			name = Products;
			sourceTree = "<group>";
		};
		C0E0ACC42E2F360300E8F8EA /* CYClear */ = {
			isa = PBXGroup;
			children = (
				C0E0ACD02E2F6D9B00E8F8EA /* CYClear.entitlements */,
				C0E0ACB92E2F360300E8F8EA /* AppDelegate.h */,
				C0E0ACBA2E2F360300E8F8EA /* AppDelegate.m */,
				C0E0ACBB2E2F360300E8F8EA /* Assets.xcassets */,
				C0E0ACBD2E2F360300E8F8EA /* main.m */,
				C0E0ACBF2E2F360300E8F8EA /* Main.storyboard */,
				C0E0ACC22E2F360300E8F8EA /* ViewController.h */,
				C0E0ACC32E2F360300E8F8EA /* ViewController.m */,
				C0E0ACCB2E2F457000E8F8EA /* ClassNameTool.h */,
				C0E0ACCC2E2F457000E8F8EA /* ClassNameTool.m */,
				C0E0ACC02E2F360300E8F8EA /* Tools.h */,
				C0E0ACC12E2F360300E8F8EA /* Tools.m */,
				C0E0ACCE2E2F46E700E8F8EA /* whitelist.txt */,
				C06894432E586D1100016F6F /* Study */,
				C06894A02E5C483300016F6F /* SymbolTable.png */,
				C06894B02E5D5C1F00016F6F /* __TEXT.png */,
				C06894B12E5D5C1F00016F6F /* __DATA_CONST.png */,
				C06894AE2E5D5BDA00016F6F /* __DATA.png */,
				C06894A42E5D4B8700016F6F /* Mach-O.md */,
				C06894A62E5D4D7500016F6F /* Load Commands.md */,
				C06894A82E5D4EC300016F6F /* __TEXT.md */,
				C06894AA2E5D4F0400016F6F /* __DATA_CONST.md */,
				C06894AC2E5D4F1800016F6F /* __DATA.md */,
				C06894A22E5D4A2700016F6F /* Dynamic Loader Info.md */,
			);
			path = CYClear;
			sourceTree = "<group>";
		};
		EA031A0B55FD52A9E2CB8DD4 /* Frameworks */ = {
			isa = PBXGroup;
			children = (
				2B1B336BE639FBDAF3D34758 /* libPods-CYClear.a */,
			);
			name = Frameworks;
			sourceTree = "<group>";
		};
/* End PBXGroup section */

/* Begin PBXNativeTarget section */
		C0E0AC9F2E2F25CA00E8F8EA /* CYClear */ = {
			isa = PBXNativeTarget;
			buildConfigurationList = C0E0ACB32E2F25CB00E8F8EA /* Build configuration list for PBXNativeTarget "CYClear" */;
			buildPhases = (
				7465E74384644A305CA3209E /* [CP] Check Pods Manifest.lock */,
				C0E0AC9C2E2F25CA00E8F8EA /* Sources */,
				C0E0AC9D2E2F25CA00E8F8EA /* Frameworks */,
				C0E0AC9E2E2F25CA00E8F8EA /* Resources */,
				658B52763EFC1F91048DD156 /* [CP] Copy Pods Resources */,
			);
			buildRules = (
			);
			dependencies = (
			);
			name = CYClear;
			productName = CYClear;
			productReference = C0E0ACA02E2F25CA00E8F8EA /* CYClear.app */;
			productType = "com.apple.product-type.application";
		};
/* End PBXNativeTarget section */

/* Begin PBXProject section */
		C0E0AC982E2F25CA00E8F8EA /* Project object */ = {
			isa = PBXProject;
			attributes = {
				BuildIndependentTargetsInParallel = 1;
				LastUpgradeCheck = 1630;
				TargetAttributes = {
					C0E0AC9F2E2F25CA00E8F8EA = {
						CreatedOnToolsVersion = 16.3;
					};
				};
			};
			buildConfigurationList = C0E0AC9B2E2F25CA00E8F8EA /* Build configuration list for PBXProject "CYClear" */;
			developmentRegion = en;
			hasScannedForEncodings = 0;
			knownRegions = (
				en,
				Base,
			);
			mainGroup = C0E0AC972E2F25CA00E8F8EA;
			minimizedProjectReferenceProxies = 1;
			preferredProjectObjectVersion = 77;
			productRefGroup = C0E0ACA12E2F25CA00E8F8EA /* Products */;
			projectDirPath = "";
			projectRoot = "";
			targets = (
				C0E0AC9F2E2F25CA00E8F8EA /* CYClear */,
			);
		};
/* End PBXProject section */

/* Begin PBXResourcesBuildPhase section */
		C0E0AC9E2E2F25CA00E8F8EA /* Resources */ = {
			isa = PBXResourcesBuildPhase;
			buildActionMask = 2147483647;
			files = (
				C06894B22E5D5C1F00016F6F /* __TEXT.png in Resources */,
				C06894B32E5D5C1F00016F6F /* __DATA_CONST.png in Resources */,
				C0E0ACC92E2F360300E8F8EA /* Assets.xcassets in Resources */,
				C06894A52E5D4B8700016F6F /* Mach-O.md in Resources */,
				C06894AB2E5D4F0400016F6F /* __DATA_CONST.md in Resources */,
				C0E0ACCA2E2F360300E8F8EA /* Main.storyboard in Resources */,
				C06894442E586D1100016F6F /* Study in Resources */,
				C06894AF2E5D5BDA00016F6F /* __DATA.png in Resources */,
				C06894A12E5C483300016F6F /* SymbolTable.png in Resources */,
				C06894AD2E5D4F1800016F6F /* __DATA.md in Resources */,
				C0E0ACCF2E2F46E700E8F8EA /* whitelist.txt in Resources */,
				C06894A92E5D4EC300016F6F /* __TEXT.md in Resources */,
				C06894A32E5D4A2700016F6F /* Dynamic Loader Info.md in Resources */,
				C06894A72E5D4D7500016F6F /* Load Commands.md in Resources */,
			);
			runOnlyForDeploymentPostprocessing = 0;
		};
/* End PBXResourcesBuildPhase section */

/* Begin PBXShellScriptBuildPhase section */
		658B52763EFC1F91048DD156 /* [CP] Copy Pods Resources */ = {
			isa = PBXShellScriptBuildPhase;
			buildActionMask = 2147483647;
			files = (
			);
			inputFileListPaths = (
				"${PODS_ROOT}/Target Support Files/Pods-CYClear/Pods-CYClear-resources-${CONFIGURATION}-input-files.xcfilelist",
			);
			inputPaths = (
			);
			name = "[CP] Copy Pods Resources";
			outputFileListPaths = (
				"${PODS_ROOT}/Target Support Files/Pods-CYClear/Pods-CYClear-resources-${CONFIGURATION}-output-files.xcfilelist",
			);
			outputPaths = (
			);
			runOnlyForDeploymentPostprocessing = 0;
			shellPath = /bin/sh;
			shellScript = "\"${PODS_ROOT}/Target Support Files/Pods-CYClear/Pods-CYClear-resources.sh\"\n";
			showEnvVarsInLog = 0;
		};
		7465E74384644A305CA3209E /* [CP] Check Pods Manifest.lock */ = {
			isa = PBXShellScriptBuildPhase;
			buildActionMask = 2147483647;
			files = (
			);
			inputFileListPaths = (
			);
			inputPaths = (
				"${PODS_PODFILE_DIR_PATH}/Podfile.lock",
				"${PODS_ROOT}/Manifest.lock",
			);
			name = "[CP] Check Pods Manifest.lock";
			outputFileListPaths = (
			);
			outputPaths = (
				"$(DERIVED_FILE_DIR)/Pods-CYClear-checkManifestLockResult.txt",
			);
			runOnlyForDeploymentPostprocessing = 0;
			shellPath = /bin/sh;
			shellScript = "diff \"${PODS_PODFILE_DIR_PATH}/Podfile.lock\" \"${PODS_ROOT}/Manifest.lock\" > /dev/null\nif [ $? != 0 ] ; then\n    # print error to STDERR\n    echo \"error: The sandbox is not in sync with the Podfile.lock. Run 'pod install' or update your CocoaPods installation.\" >&2\n    exit 1\nfi\n# This output is used by Xcode 'outputs' to avoid re-running this script phase.\necho \"SUCCESS\" > \"${SCRIPT_OUTPUT_FILE_0}\"\n";
			showEnvVarsInLog = 0;
		};
/* End PBXShellScriptBuildPhase section */

/* Begin PBXSourcesBuildPhase section */
		C0E0AC9C2E2F25CA00E8F8EA /* Sources */ = {
			isa = PBXSourcesBuildPhase;
			buildActionMask = 2147483647;
			files = (
				C0E0ACC52E2F360300E8F8EA /* AppDelegate.m in Sources */,
				C0E0ACCD2E2F457000E8F8EA /* ClassNameTool.m in Sources */,
				C0E0ACC62E2F360300E8F8EA /* main.m in Sources */,
				C0E0ACC72E2F360300E8F8EA /* Tools.m in Sources */,
				C0E0ACC82E2F360300E8F8EA /* ViewController.m in Sources */,
			);
			runOnlyForDeploymentPostprocessing = 0;
		};
/* End PBXSourcesBuildPhase section */

/* Begin PBXVariantGroup section */
		C0E0ACBF2E2F360300E8F8EA /* Main.storyboard */ = {
			isa = PBXVariantGroup;
			children = (
				C0E0ACBE2E2F360300E8F8EA /* Base */,
			);
			name = Main.storyboard;
			sourceTree = "<group>";
		};
/* End PBXVariantGroup section */

/* Begin XCBuildConfiguration section */
		C0E0ACB12E2F25CB00E8F8EA /* Debug */ = {
			isa = XCBuildConfiguration;
			buildSettings = {
				ALWAYS_SEARCH_USER_PATHS = NO;
				ASSETCATALOG_COMPILER_GENERATE_SWIFT_ASSET_SYMBOL_EXTENSIONS = YES;
				CLANG_ANALYZER_NONNULL = YES;
				CLANG_ANALYZER_NUMBER_OBJECT_CONVERSION = YES_AGGRESSIVE;
				CLANG_CXX_LANGUAGE_STANDARD = "gnu++20";
				CLANG_ENABLE_MODULES = YES;
				CLANG_ENABLE_OBJC_ARC = YES;
				CLANG_ENABLE_OBJC_WEAK = YES;
				CLANG_WARN_BLOCK_CAPTURE_AUTORELEASING = YES;
				CLANG_WARN_BOOL_CONVERSION = YES;
				CLANG_WARN_COMMA = YES;
				CLANG_WARN_CONSTANT_CONVERSION = YES;
				CLANG_WARN_DEPRECATED_OBJC_IMPLEMENTATIONS = YES;
				CLANG_WARN_DIRECT_OBJC_ISA_USAGE = YES_ERROR;
				CLANG_WARN_DOCUMENTATION_COMMENTS = YES;
				CLANG_WARN_EMPTY_BODY = YES;
				CLANG_WARN_ENUM_CONVERSION = YES;
				CLANG_WARN_INFINITE_RECURSION = YES;
				CLANG_WARN_INT_CONVERSION = YES;
				CLANG_WARN_NON_LITERAL_NULL_CONVERSION = YES;
				CLANG_WARN_OBJC_IMPLICIT_RETAIN_SELF = YES;
				CLANG_WARN_OBJC_LITERAL_CONVERSION = YES;
				CLANG_WARN_OBJC_ROOT_CLASS = YES_ERROR;
				CLANG_WARN_QUOTED_INCLUDE_IN_FRAMEWORK_HEADER = YES;
				CLANG_WARN_RANGE_LOOP_ANALYSIS = YES;
				CLANG_WARN_STRICT_PROTOTYPES = YES;
				CLANG_WARN_SUSPICIOUS_MOVE = YES;
				CLANG_WARN_UNGUARDED_AVAILABILITY = YES_AGGRESSIVE;
				CLANG_WARN_UNREACHABLE_CODE = YES;
				CLANG_WARN__DUPLICATE_METHOD_MATCH = YES;
				COPY_PHASE_STRIP = NO;
				DEBUG_INFORMATION_FORMAT = dwarf;
				ENABLE_STRICT_OBJC_MSGSEND = YES;
				ENABLE_TESTABILITY = YES;
				ENABLE_USER_SCRIPT_SANDBOXING = YES;
				GCC_C_LANGUAGE_STANDARD = gnu17;
				GCC_DYNAMIC_NO_PIC = NO;
				GCC_NO_COMMON_BLOCKS = YES;
				GCC_OPTIMIZATION_LEVEL = 0;
				GCC_PREPROCESSOR_DEFINITIONS = (
					"DEBUG=1",
					"$(inherited)",
				);
				GCC_WARN_64_TO_32_BIT_CONVERSION = YES;
				GCC_WARN_ABOUT_RETURN_TYPE = YES_ERROR;
				GCC_WARN_UNDECLARED_SELECTOR = YES;
				GCC_WARN_UNINITIALIZED_AUTOS = YES_AGGRESSIVE;
				GCC_WARN_UNUSED_FUNCTION = YES;
				GCC_WARN_UNUSED_VARIABLE = YES;
				LOCALIZATION_PREFERS_STRING_CATALOGS = YES;
				MACOSX_DEPLOYMENT_TARGET = 15.4;
				MTL_ENABLE_DEBUG_INFO = INCLUDE_SOURCE;
				MTL_FAST_MATH = YES;
				ONLY_ACTIVE_ARCH = YES;
				SDKROOT = macosx;
			};
			name = Debug;
		};
		C0E0ACB22E2F25CB00E8F8EA /* Release */ = {
			isa = XCBuildConfiguration;
			buildSettings = {
				ALWAYS_SEARCH_USER_PATHS = NO;
				ASSETCATALOG_COMPILER_GENERATE_SWIFT_ASSET_SYMBOL_EXTENSIONS = YES;
				CLANG_ANALYZER_NONNULL = YES;
				CLANG_ANALYZER_NUMBER_OBJECT_CONVERSION = YES_AGGRESSIVE;
				CLANG_CXX_LANGUAGE_STANDARD = "gnu++20";
				CLANG_ENABLE_MODULES = YES;
				CLANG_ENABLE_OBJC_ARC = YES;
				CLANG_ENABLE_OBJC_WEAK = YES;
				CLANG_WARN_BLOCK_CAPTURE_AUTORELEASING = YES;
				CLANG_WARN_BOOL_CONVERSION = YES;
				CLANG_WARN_COMMA = YES;
				CLANG_WARN_CONSTANT_CONVERSION = YES;
				CLANG_WARN_DEPRECATED_OBJC_IMPLEMENTATIONS = YES;
				CLANG_WARN_DIRECT_OBJC_ISA_USAGE = YES_ERROR;
				CLANG_WARN_DOCUMENTATION_COMMENTS = YES;
				CLANG_WARN_EMPTY_BODY = YES;
				CLANG_WARN_ENUM_CONVERSION = YES;
				CLANG_WARN_INFINITE_RECURSION = YES;
				CLANG_WARN_INT_CONVERSION = YES;
				CLANG_WARN_NON_LITERAL_NULL_CONVERSION = YES;
				CLANG_WARN_OBJC_IMPLICIT_RETAIN_SELF = YES;
				CLANG_WARN_OBJC_LITERAL_CONVERSION = YES;
				CLANG_WARN_OBJC_ROOT_CLASS = YES_ERROR;
				CLANG_WARN_QUOTED_INCLUDE_IN_FRAMEWORK_HEADER = YES;
				CLANG_WARN_RANGE_LOOP_ANALYSIS = YES;
				CLANG_WARN_STRICT_PROTOTYPES = YES;
				CLANG_WARN_SUSPICIOUS_MOVE = YES;
				CLANG_WARN_UNGUARDED_AVAILABILITY = YES_AGGRESSIVE;
				CLANG_WARN_UNREACHABLE_CODE = YES;
				CLANG_WARN__DUPLICATE_METHOD_MATCH = YES;
				COPY_PHASE_STRIP = NO;
				DEBUG_INFORMATION_FORMAT = "dwarf-with-dsym";
				ENABLE_NS_ASSERTIONS = NO;
				ENABLE_STRICT_OBJC_MSGSEND = YES;
				ENABLE_USER_SCRIPT_SANDBOXING = YES;
				GCC_C_LANGUAGE_STANDARD = gnu17;
				GCC_NO_COMMON_BLOCKS = YES;
				GCC_WARN_64_TO_32_BIT_CONVERSION = YES;
				GCC_WARN_ABOUT_RETURN_TYPE = YES_ERROR;
				GCC_WARN_UNDECLARED_SELECTOR = YES;
				GCC_WARN_UNINITIALIZED_AUTOS = YES_AGGRESSIVE;
				GCC_WARN_UNUSED_FUNCTION = YES;
				GCC_WARN_UNUSED_VARIABLE = YES;
				LOCALIZATION_PREFERS_STRING_CATALOGS = YES;
				MACOSX_DEPLOYMENT_TARGET = 15.4;
				MTL_ENABLE_DEBUG_INFO = NO;
				MTL_FAST_MATH = YES;
				SDKROOT = macosx;
			};
			name = Release;
		};
		C0E0ACB42E2F25CB00E8F8EA /* Debug */ = {
			isa = XCBuildConfiguration;
			baseConfigurationReference = 75326C395E96B303811320BD /* Pods-CYClear.debug.xcconfig */;
			buildSettings = {
				ASSETCATALOG_COMPILER_APPICON_NAME = AppIcon;
				ASSETCATALOG_COMPILER_GLOBAL_ACCENT_COLOR_NAME = AccentColor;
				CODE_SIGN_ENTITLEMENTS = CYClear/CYClear.entitlements;
				CODE_SIGN_STYLE = Automatic;
				COMBINE_HIDPI_IMAGES = YES;
				CURRENT_PROJECT_VERSION = 1;
				ENABLE_USER_SCRIPT_SANDBOXING = NO;
				GENERATE_INFOPLIST_FILE = YES;
				INFOPLIST_KEY_NSHumanReadableCopyright = "";
				INFOPLIST_KEY_NSMainStoryboardFile = Main;
				INFOPLIST_KEY_NSPrincipalClass = NSApplication;
				LD_RUNPATH_SEARCH_PATHS = (
					"$(inherited)",
					"@executable_path/../Frameworks",
				);
				MACOSX_DEPLOYMENT_TARGET = 11.5;
				MARKETING_VERSION = 1.0;
				PRODUCT_BUNDLE_IDENTIFIER = "-11.CYClear";
				PRODUCT_NAME = "$(TARGET_NAME)";
				REGISTER_APP_GROUPS = YES;
				SWIFT_EMIT_LOC_STRINGS = YES;
			};
			name = Debug;
		};
		C0E0ACB52E2F25CB00E8F8EA /* Release */ = {
			isa = XCBuildConfiguration;
			baseConfigurationReference = 9F6AED4A8F3D2D946851106A /* Pods-CYClear.release.xcconfig */;
			buildSettings = {
				ASSETCATALOG_COMPILER_APPICON_NAME = AppIcon;
				ASSETCATALOG_COMPILER_GLOBAL_ACCENT_COLOR_NAME = AccentColor;
				CODE_SIGN_ENTITLEMENTS = CYClear/CYClear.entitlements;
				CODE_SIGN_STYLE = Automatic;
				COMBINE_HIDPI_IMAGES = YES;
				CURRENT_PROJECT_VERSION = 1;
				ENABLE_USER_SCRIPT_SANDBOXING = NO;
				GENERATE_INFOPLIST_FILE = YES;
				INFOPLIST_KEY_NSHumanReadableCopyright = "";
				INFOPLIST_KEY_NSMainStoryboardFile = Main;
				INFOPLIST_KEY_NSPrincipalClass = NSApplication;
				LD_RUNPATH_SEARCH_PATHS = (
					"$(inherited)",
					"@executable_path/../Frameworks",
				);
				MACOSX_DEPLOYMENT_TARGET = 11.5;
				MARKETING_VERSION = 1.0;
				PRODUCT_BUNDLE_IDENTIFIER = "-11.CYClear";
				PRODUCT_NAME = "$(TARGET_NAME)";
				REGISTER_APP_GROUPS = YES;
				SWIFT_EMIT_LOC_STRINGS = YES;
			};
			name = Release;
		};
/* End XCBuildConfiguration section */

/* Begin XCConfigurationList section */
		C0E0AC9B2E2F25CA00E8F8EA /* Build configuration list for PBXProject "CYClear" */ = {
			isa = XCConfigurationList;
			buildConfigurations = (
				C0E0ACB12E2F25CB00E8F8EA /* Debug */,
				C0E0ACB22E2F25CB00E8F8EA /* Release */,
			);
			defaultConfigurationIsVisible = 0;
			defaultConfigurationName = Release;
		};
		C0E0ACB32E2F25CB00E8F8EA /* Build configuration list for PBXNativeTarget "CYClear" */ = {
			isa = XCConfigurationList;
			buildConfigurations = (
				C0E0ACB42E2F25CB00E8F8EA /* Debug */,
				C0E0ACB52E2F25CB00E8F8EA /* Release */,
			);
			defaultConfigurationIsVisible = 0;
			defaultConfigurationName = Release;
		};
/* End XCConfigurationList section */
	};
	rootObject = C0E0AC982E2F25CA00E8F8EA /* Project object */;
}
